
Microsoft Visual Studio Solution File, Format Version 12.00
# Visual Studio 15
VisualStudioVersion = 15.0.27130.2020
MinimumVisualStudioVersion = 10.0.40219.1
Project("{FAE04EC0-301F-11D3-BF4B-00C04F79EFBC}") = "RabbitHutch.Host", "RabbitHutch.Host\RabbitHutch.Host.csproj", "{CB40693F-4CBA-4021-8260-CC85C9312153}"
EndProject
Project("{FAE04EC0-301F-11D3-BF4B-00C04F79EFBC}") = "RabbitHutch.TestHarness.Client", "RabbitHutch.TestHarness\RabbitHutch.TestHarness.Client.csproj", "{25D05312-1D05-4910-8D35-9D715F14BB60}"
EndProject
Project("{FAE04EC0-301F-11D3-BF4B-00C04F79EFBC}") = "RabbitHutch.DataMigrations", "RabbitHutch.DataMigrations\RabbitHutch.DataMigrations.csproj", "{D4F85B6B-DDF7-4B0B-8A54-C8CD90EA2492}"
EndProject
Project("{FAE04EC0-301F-11D3-BF4B-00C04F79EFBC}") = "RabbitHutch.Web", "RabbitHutch.Web\RabbitHutch.Web.csproj", "{3B7AFB9D-CA9B-428D-AFEB-C020D8D45977}"
EndProject
Project("{FAE04EC0-301F-11D3-BF4B-00C04F79EFBC}") = "RabbitHutch.DataAccess", "RabbitHutch.DataAccess\RabbitHutch.DataAccess.csproj", "{7350D796-D6A7-4046-B647-A1028A2E9C17}"
EndProject
Project("{FAE04EC0-301F-11D3-BF4B-00C04F79EFBC}") = "RabbitHutch.Domain", "RabbitHutch.Domain\RabbitHutch.Domain.csproj", "{BCB3D73D-CC5C-42BE-B884-56A9A4C6D020}"
EndProject
Project("{FAE04EC0-301F-11D3-BF4B-00C04F79EFBC}") = "RabbitHutch.Application", "RabbitHutch.Application\RabbitHutch.Application.csproj", "{C1EDCD4D-9F9D-4916-95CD-40F07E4F10C2}"
EndProject
Project("{2150E333-8FDC-42A3-9474-1A3956D46DE8}") = "TestHarness", "TestHarness", "{7841958F-F957-4BE6-BD6B-58B73C4B4D78}"
EndProject
Project("{FAE04EC0-301F-11D3-BF4B-00C04F79EFBC}") = "RabbitHutch.TestHarness.Console", "RabbitHutch.TestHarness.Console\RabbitHutch.TestHarness.Console.csproj", "{5D93CFEB-88B6-47D6-96C6-B4968E02177F}"
EndProject
Global
	GlobalSection(SolutionConfigurationPlatforms) = preSolution
		Debug|Any CPU = Debug|Any CPU
		Release|Any CPU = Release|Any CPU
	EndGlobalSection
	GlobalSection(ProjectConfigurationPlatforms) = postSolution
		{CB40693F-4CBA-4021-8260-CC85C9312153}.Debug|Any CPU.ActiveCfg = Debug|Any CPU
		{CB40693F-4CBA-4021-8260-CC85C9312153}.Debug|Any CPU.Build.0 = Debug|Any CPU
		{CB40693F-4CBA-4021-8260-CC85C9312153}.Release|Any CPU.ActiveCfg = Release|Any CPU
		{CB40693F-4CBA-4021-8260-CC85C9312153}.Release|Any CPU.Build.0 = Release|Any CPU
		{25D05312-1D05-4910-8D35-9D715F14BB60}.Debug|Any CPU.ActiveCfg = Debug|Any CPU
		{25D05312-1D05-4910-8D35-9D715F14BB60}.Debug|Any CPU.Build.0 = Debug|Any CPU
		{25D05312-1D05-4910-8D35-9D715F14BB60}.Release|Any CPU.ActiveCfg = Release|Any CPU
		{25D05312-1D05-4910-8D35-9D715F14BB60}.Release|Any CPU.Build.0 = Release|Any CPU
		{D4F85B6B-DDF7-4B0B-8A54-C8CD90EA2492}.Debug|Any CPU.ActiveCfg = Debug|Any CPU
		{D4F85B6B-DDF7-4B0B-8A54-C8CD90EA2492}.Debug|Any CPU.Build.0 = Debug|Any CPU
		{D4F85B6B-DDF7-4B0B-8A54-C8CD90EA2492}.Release|Any CPU.ActiveCfg = Release|Any CPU
		{D4F85B6B-DDF7-4B0B-8A54-C8CD90EA2492}.Release|Any CPU.Build.0 = Release|Any CPU
		{3B7AFB9D-CA9B-428D-AFEB-C020D8D45977}.Debug|Any CPU.ActiveCfg = Debug|Any CPU
		{3B7AFB9D-CA9B-428D-AFEB-C020D8D45977}.Debug|Any CPU.Build.0 = Debug|Any CPU
		{3B7AFB9D-CA9B-428D-AFEB-C020D8D45977}.Release|Any CPU.ActiveCfg = Release|Any CPU
		{3B7AFB9D-CA9B-428D-AFEB-C020D8D45977}.Release|Any CPU.Build.0 = Release|Any CPU
		{7350D796-D6A7-4046-B647-A1028A2E9C17}.Debug|Any CPU.ActiveCfg = Debug|Any CPU
		{7350D796-D6A7-4046-B647-A1028A2E9C17}.Debug|Any CPU.Build.0 = Debug|Any CPU
		{7350D796-D6A7-4046-B647-A1028A2E9C17}.Release|Any CPU.ActiveCfg = Release|Any CPU
		{7350D796-D6A7-4046-B647-A1028A2E9C17}.Release|Any CPU.Build.0 = Release|Any CPU
		{BCB3D73D-CC5C-42BE-B884-56A9A4C6D020}.Debug|Any CPU.ActiveCfg = Debug|Any CPU
		{BCB3D73D-CC5C-42BE-B884-56A9A4C6D020}.Debug|Any CPU.Build.0 = Debug|Any CPU
		{BCB3D73D-CC5C-42BE-B884-56A9A4C6D020}.Release|Any CPU.ActiveCfg = Release|Any CPU
		{BCB3D73D-CC5C-42BE-B884-56A9A4C6D020}.Release|Any CPU.Build.0 = Release|Any CPU
		{C1EDCD4D-9F9D-4916-95CD-40F07E4F10C2}.Debug|Any CPU.ActiveCfg = Debug|Any CPU
		{C1EDCD4D-9F9D-4916-95CD-40F07E4F10C2}.Debug|Any CPU.Build.0 = Debug|Any CPU
		{C1EDCD4D-9F9D-4916-95CD-40F07E4F10C2}.Release|Any CPU.ActiveCfg = Release|Any CPU
		{C1EDCD4D-9F9D-4916-95CD-40F07E4F10C2}.Release|Any CPU.Build.0 = Release|Any CPU
		{5D93CFEB-88B6-47D6-96C6-B4968E02177F}.Debug|Any CPU.ActiveCfg = Debug|Any CPU
		{5D93CFEB-88B6-47D6-96C6-B4968E02177F}.Debug|Any CPU.Build.0 = Debug|Any CPU
		{5D93CFEB-88B6-47D6-96C6-B4968E02177F}.Release|Any CPU.ActiveCfg = Release|Any CPU
		{5D93CFEB-88B6-47D6-96C6-B4968E02177F}.Release|Any CPU.Build.0 = Release|Any CPU
	EndGlobalSection
	GlobalSection(SolutionProperties) = preSolution
		HideSolutionNode = FALSE
	EndGlobalSection
	GlobalSection(NestedProjects) = preSolution
		{25D05312-1D05-4910-8D35-9D715F14BB60} = {7841958F-F957-4BE6-BD6B-58B73C4B4D78}
		{5D93CFEB-88B6-47D6-96C6-B4968E02177F} = {7841958F-F957-4BE6-BD6B-58B73C4B4D78}
	EndGlobalSection
	GlobalSection(ExtensibilityGlobals) = postSolution
		SolutionGuid = {BE30A39C-EAF7-4154-B92B-A49F09B8BF81}
	EndGlobalSection
EndGlobal
